
Microsoft Visual Studio Solution File, Format Version 12.00
# Visual Studio 15
VisualStudioVersion = 15.0.27428.2005
MinimumVisualStudioVersion = 10.0.40219.1
Project("{FAE04EC0-301F-11D3-BF4B-00C04F79EFBC}") = "XYZCorp.WebApi", "XYZCorp.WebApi\XYZCorp.WebApi.csproj", "{404E63E1-F8F8-47BE-8F8E-6C8879D9E1D1}"
EndProject
Project("{FAE04EC0-301F-11D3-BF4B-00C04F79EFBC}") = "XYZCorp.WebApi.Tests", "XYZCorp.WebApi.Tests\XYZCorp.WebApi.Tests.csproj", "{BE806E05-BC0A-481E-AA00-D35542226E70}"
EndProject
Project("{FAE04EC0-301F-11D3-BF4B-00C04F79EFBC}") = "XYZCorp.Core", "XYZCorp.Core\XYZCorp.Core.csproj", "{CBAEF7C8-E263-41A3-8A0A-51D6CC8C6894}"
EndProject
Project("{FAE04EC0-301F-11D3-BF4B-00C04F79EFBC}") = "XYZCorp.Repository", "XYZCorp.Repository\XYZCorp.Repository.csproj", "{F14411B8-0BB0-4772-B655-A74252BF75C2}"
EndProject
Project("{2150E333-8FDC-42A3-9474-1A3956D46DE8}") = "Solution Items", "Solution Items", "{62AB0E1C-097B-45A2-92B8-AE87044C952B}"
	ProjectSection(SolutionItems) = preProject
		README.md = README.md
	EndProjectSection
EndProject
Global
	GlobalSection(SolutionConfigurationPlatforms) = preSolution
		Debug|Any CPU = Debug|Any CPU
		Release|Any CPU = Release|Any CPU
	EndGlobalSection
	GlobalSection(ProjectConfigurationPlatforms) = postSolution
		{404E63E1-F8F8-47BE-8F8E-6C8879D9E1D1}.Debug|Any CPU.ActiveCfg = Debug|Any CPU
		{404E63E1-F8F8-47BE-8F8E-6C8879D9E1D1}.Debug|Any CPU.Build.0 = Debug|Any CPU
		{404E63E1-F8F8-47BE-8F8E-6C8879D9E1D1}.Release|Any CPU.ActiveCfg = Release|Any CPU
		{404E63E1-F8F8-47BE-8F8E-6C8879D9E1D1}.Release|Any CPU.Build.0 = Release|Any CPU
		{BE806E05-BC0A-481E-AA00-D35542226E70}.Debug|Any CPU.ActiveCfg = Debug|Any CPU
		{BE806E05-BC0A-481E-AA00-D35542226E70}.Debug|Any CPU.Build.0 = Debug|Any CPU
		{BE806E05-BC0A-481E-AA00-D35542226E70}.Release|Any CPU.ActiveCfg = Release|Any CPU
		{BE806E05-BC0A-481E-AA00-D35542226E70}.Release|Any CPU.Build.0 = Release|Any CPU
		{CBAEF7C8-E263-41A3-8A0A-51D6CC8C6894}.Debug|Any CPU.ActiveCfg = Debug|Any CPU
		{CBAEF7C8-E263-41A3-8A0A-51D6CC8C6894}.Debug|Any CPU.Build.0 = Debug|Any CPU
		{CBAEF7C8-E263-41A3-8A0A-51D6CC8C6894}.Release|Any CPU.ActiveCfg = Release|Any CPU
		{CBAEF7C8-E263-41A3-8A0A-51D6CC8C6894}.Release|Any CPU.Build.0 = Release|Any CPU
		{F14411B8-0BB0-4772-B655-A74252BF75C2}.Debug|Any CPU.ActiveCfg = Debug|Any CPU
		{F14411B8-0BB0-4772-B655-A74252BF75C2}.Debug|Any CPU.Build.0 = Debug|Any CPU
		{F14411B8-0BB0-4772-B655-A74252BF75C2}.Release|Any CPU.ActiveCfg = Release|Any CPU
		{F14411B8-0BB0-4772-B655-A74252BF75C2}.Release|Any CPU.Build.0 = Release|Any CPU
	EndGlobalSection
	GlobalSection(SolutionProperties) = preSolution
		HideSolutionNode = FALSE
	EndGlobalSection
	GlobalSection(ExtensibilityGlobals) = postSolution
		SolutionGuid = {DA27BCAB-4C70-40FE-8293-894D1A549618}
	EndGlobalSection
EndGlobal
